// !$*UTF8*$!
{
	archiveVersion = 1;
	classes = {
	};
	objectVersion = 46;
	objects = {

/* Begin PBXBuildFile section */
		7802FA8A1EE6F97A00647B9A /* AppDelegate.swift in Sources */ = {isa = PBXBuildFile; fileRef = 7802FA891EE6F97A00647B9A /* AppDelegate.swift */; };
		7802FA8C1EE6F97A00647B9A /* ViewController.swift in Sources */ = {isa = PBXBuildFile; fileRef = 7802FA8B1EE6F97A00647B9A /* ViewController.swift */; };
		7802FA8F1EE6F97A00647B9A /* Main.storyboard in Resources */ = {isa = PBXBuildFile; fileRef = 7802FA8D1EE6F97A00647B9A /* Main.storyboard */; };
		7802FA911EE6F97A00647B9A /* Assets.xcassets in Resources */ = {isa = PBXBuildFile; fileRef = 7802FA901EE6F97A00647B9A /* Assets.xcassets */; };
		7802FA941EE6F97A00647B9A /* LaunchScreen.storyboard in Resources */ = {isa = PBXBuildFile; fileRef = 7802FA921EE6F97A00647B9A /* LaunchScreen.storyboard */; };
		7802FA9F1EE6F97B00647B9A /* AppEventCountTests.swift in Sources */ = {isa = PBXBuildFile; fileRef = 7802FA9E1EE6F97B00647B9A /* AppEventCountTests.swift */; };
		7802FAAA1EE6F97B00647B9A /* AppEventCountUITests.swift in Sources */ = {isa = PBXBuildFile; fileRef = 7802FAA91EE6F97B00647B9A /* AppEventCountUITests.swift */; };
/* End PBXBuildFile section */

/* Begin PBXContainerItemProxy section */
		7802FA9B1EE6F97B00647B9A /* PBXContainerItemProxy */ = {
			isa = PBXContainerItemProxy;
			containerPortal = 7802FA7E1EE6F97A00647B9A /* Project object */;
			proxyType = 1;
			remoteGlobalIDString = 7802FA851EE6F97A00647B9A;
			remoteInfo = AppEventCount;
		};
		7802FAA61EE6F97B00647B9A /* PBXContainerItemProxy */ = {
			isa = PBXContainerItemProxy;
			containerPortal = 7802FA7E1EE6F97A00647B9A /* Project object */;
			proxyType = 1;
			remoteGlobalIDString = 7802FA851EE6F97A00647B9A;
			remoteInfo = AppEventCount;
		};
/* End PBXContainerItemProxy section */

/* Begin PBXFileReference section */
		7802FA861EE6F97A00647B9A /* AppEventCount.app */ = {isa = PBXFileReference; explicitFileType = wrapper.application; includeInIndex = 0; path = AppEventCount.app; sourceTree = BUILT_PRODUCTS_DIR; };
		7802FA891EE6F97A00647B9A /* AppDelegate.swift */ = {isa = PBXFileReference; lastKnownFileType = sourcecode.swift; path = AppDelegate.swift; sourceTree = "<group>"; };
		7802FA8B1EE6F97A00647B9A /* ViewController.swift */ = {isa = PBXFileReference; lastKnownFileType = sourcecode.swift; path = ViewController.swift; sourceTree = "<group>"; };
		7802FA8E1EE6F97A00647B9A /* Base */ = {isa = PBXFileReference; lastKnownFileType = file.storyboard; name = Base; path = Base.lproj/Main.storyboard; sourceTree = "<group>"; };
		7802FA901EE6F97A00647B9A /* Assets.xcassets */ = {isa = PBXFileReference; lastKnownFileType = folder.assetcatalog; path = Assets.xcassets; sourceTree = "<group>"; };
		7802FA931EE6F97A00647B9A /* Base */ = {isa = PBXFileReference; lastKnownFileType = file.storyboard; name = Base; path = Base.lproj/LaunchScreen.storyboard; sourceTree = "<group>"; };
		7802FA951EE6F97B00647B9A /* Info.plist */ = {isa = PBXFileReference; lastKnownFileType = text.plist.xml; path = Info.plist; sourceTree = "<group>"; };
		7802FA9A1EE6F97B00647B9A /* AppEventCountTests.xctest */ = {isa = PBXFileReference; explicitFileType = wrapper.cfbundle; includeInIndex = 0; path = AppEventCountTests.xctest; sourceTree = BUILT_PRODUCTS_DIR; };
		7802FA9E1EE6F97B00647B9A /* AppEventCountTests.swift */ = {isa = PBXFileReference; lastKnownFileType = sourcecode.swift; path = AppEventCountTests.swift; sourceTree = "<group>"; };
		7802FAA01EE6F97B00647B9A /* Info.plist */ = {isa = PBXFileReference; lastKnownFileType = text.plist.xml; path = Info.plist; sourceTree = "<group>"; };
		7802FAA51EE6F97B00647B9A /* AppEventCountUITests.xctest */ = {isa = PBXFileReference; explicitFileType = wrapper.cfbundle; includeInIndex = 0; path = AppEventCountUITests.xctest; sourceTree = BUILT_PRODUCTS_DIR; };
		7802FAA91EE6F97B00647B9A /* AppEventCountUITests.swift */ = {isa = PBXFileReference; lastKnownFileType = sourcecode.swift; path = AppEventCountUITests.swift; sourceTree = "<group>"; };
		7802FAAB1EE6F97B00647B9A /* Info.plist */ = {isa = PBXFileReference; lastKnownFileType = text.plist.xml; path = Info.plist; sourceTree = "<group>"; };
/* End PBXFileReference section */

/* Begin PBXFrameworksBuildPhase section */
		7802FA831EE6F97A00647B9A /* Frameworks */ = {
			isa = PBXFrameworksBuildPhase;
			buildActionMask = 2147483647;
			files = (
			);
			runOnlyForDeploymentPostprocessing = 0;
		};
		7802FA971EE6F97B00647B9A /* Frameworks */ = {
			isa = PBXFrameworksBuildPhase;
			buildActionMask = 2147483647;
			files = (
			);
			runOnlyForDeploymentPostprocessing = 0;
		};
		7802FAA21EE6F97B00647B9A /* Frameworks */ = {
			isa = PBXFrameworksBuildPhase;
			buildActionMask = 2147483647;
			files = (
			);
			runOnlyForDeploymentPostprocessing = 0;
		};
/* End PBXFrameworksBuildPhase section */

/* Begin PBXGroup section */
		7802FA7D1EE6F97A00647B9A = {
			isa = PBXGroup;
			children = (
				7802FA881EE6F97A00647B9A /* AppEventCount */,
				7802FA9D1EE6F97B00647B9A /* AppEventCountTests */,
				7802FAA81EE6F97B00647B9A /* AppEventCountUITests */,
				7802FA871EE6F97A00647B9A /* Products */,
			);
			sourceTree = "<group>";
		};
		7802FA871EE6F97A00647B9A /* Products */ = {
			isa = PBXGroup;
			children = (
				7802FA861EE6F97A00647B9A /* AppEventCount.app */,
				7802FA9A1EE6F97B00647B9A /* AppEventCountTests.xctest */,
				7802FAA51EE6F97B00647B9A /* AppEventCountUITests.xctest */,
			);
			name = Products;
			sourceTree = "<group>";
		};
		7802FA881EE6F97A00647B9A /* AppEventCount */ = {
			isa = PBXGroup;
			children = (
				7802FA891EE6F97A00647B9A /* AppDelegate.swift */,
				7802FA8B1EE6F97A00647B9A /* ViewController.swift */,
				7802FA8D1EE6F97A00647B9A /* Main.storyboard */,
				7802FA921EE6F97A00647B9A /* LaunchScreen.storyboard */,
				7802FA901EE6F97A00647B9A /* Assets.xcassets */,
				7802FA951EE6F97B00647B9A /* Info.plist */,
			);
			path = AppEventCount;
			sourceTree = "<group>";
		};
		7802FA9D1EE6F97B00647B9A /* AppEventCountTests */ = {
			isa = PBXGroup;
			children = (
				7802FA9E1EE6F97B00647B9A /* AppEventCountTests.swift */,
				7802FAA01EE6F97B00647B9A /* Info.plist */,
			);
			path = AppEventCountTests;
			sourceTree = "<group>";
		};
		7802FAA81EE6F97B00647B9A /* AppEventCountUITests */ = {
			isa = PBXGroup;
			children = (
				7802FAA91EE6F97B00647B9A /* AppEventCountUITests.swift */,
				7802FAAB1EE6F97B00647B9A /* Info.plist */,
			);
			path = AppEventCountUITests;
			sourceTree = "<group>";
		};
/* End PBXGroup section */

/* Begin PBXNativeTarget section */
		7802FA851EE6F97A00647B9A /* AppEventCount */ = {
			isa = PBXNativeTarget;
			buildConfigurationList = 7802FAAE1EE6F97B00647B9A /* Build configuration list for PBXNativeTarget "AppEventCount" */;
			buildPhases = (
				7802FA821EE6F97A00647B9A /* Sources */,
				7802FA831EE6F97A00647B9A /* Frameworks */,
				7802FA841EE6F97A00647B9A /* Resources */,
			);
			buildRules = (
			);
			dependencies = (
			);
			name = AppEventCount;
			productName = AppEventCount;
			productReference = 7802FA861EE6F97A00647B9A /* AppEventCount.app */;
			productType = "com.apple.product-type.application";
		};
		7802FA991EE6F97B00647B9A /* AppEventCountTests */ = {
			isa = PBXNativeTarget;
			buildConfigurationList = 7802FAB11EE6F97B00647B9A /* Build configuration list for PBXNativeTarget "AppEventCountTests" */;
			buildPhases = (
				7802FA961EE6F97B00647B9A /* Sources */,
				7802FA971EE6F97B00647B9A /* Frameworks */,
				7802FA981EE6F97B00647B9A /* Resources */,
			);
			buildRules = (
			);
			dependencies = (
				7802FA9C1EE6F97B00647B9A /* PBXTargetDependency */,
			);
			name = AppEventCountTests;
			productName = AppEventCountTests;
			productReference = 7802FA9A1EE6F97B00647B9A /* AppEventCountTests.xctest */;
			productType = "com.apple.product-type.bundle.unit-test";
		};
		7802FAA41EE6F97B00647B9A /* AppEventCountUITests */ = {
			isa = PBXNativeTarget;
			buildConfigurationList = 7802FAB41EE6F97B00647B9A /* Build configuration list for PBXNativeTarget "AppEventCountUITests" */;
			buildPhases = (
				7802FAA11EE6F97B00647B9A /* Sources */,
				7802FAA21EE6F97B00647B9A /* Frameworks */,
				7802FAA31EE6F97B00647B9A /* Resources */,
			);
			buildRules = (
			);
			dependencies = (
				7802FAA71EE6F97B00647B9A /* PBXTargetDependency */,
			);
			name = AppEventCountUITests;
			productName = AppEventCountUITests;
			productReference = 7802FAA51EE6F97B00647B9A /* AppEventCountUITests.xctest */;
			productType = "com.apple.product-type.bundle.ui-testing";
		};
/* End PBXNativeTarget section */

/* Begin PBXProject section */
		7802FA7E1EE6F97A00647B9A /* Project object */ = {
			isa = PBXProject;
			attributes = {
				LastSwiftUpdateCheck = 0810;
				LastUpgradeCheck = 0810;
				ORGANIZATIONNAME = AlexOlivares;
				TargetAttributes = {
					7802FA851EE6F97A00647B9A = {
						CreatedOnToolsVersion = 8.1;
						ProvisioningStyle = Automatic;
					};
					7802FA991EE6F97B00647B9A = {
						CreatedOnToolsVersion = 8.1;
						ProvisioningStyle = Automatic;
						TestTargetID = 7802FA851EE6F97A00647B9A;
					};
					7802FAA41EE6F97B00647B9A = {
						CreatedOnToolsVersion = 8.1;
						ProvisioningStyle = Automatic;
						TestTargetID = 7802FA851EE6F97A00647B9A;
					};
				};
			};
			buildConfigurationList = 7802FA811EE6F97A00647B9A /* Build configuration list for PBXProject "AppEventCount" */;
			compatibilityVersion = "Xcode 3.2";
			developmentRegion = English;
			hasScannedForEncodings = 0;
			knownRegions = (
				en,
				Base,
			);
			mainGroup = 7802FA7D1EE6F97A00647B9A;
			productRefGroup = 7802FA871EE6F97A00647B9A /* Products */;
			projectDirPath = "";
			projectRoot = "";
			targets = (
				7802FA851EE6F97A00647B9A /* AppEventCount */,
				7802FA991EE6F97B00647B9A /* AppEventCountTests */,
				7802FAA41EE6F97B00647B9A /* AppEventCountUITests */,
			);
		};
/* End PBXProject section */

/* Begin PBXResourcesBuildPhase section */
		7802FA841EE6F97A00647B9A /* Resources */ = {
			isa = PBXResourcesBuildPhase;
			buildActionMask = 2147483647;
			files = (
				7802FA941EE6F97A00647B9A /* LaunchScreen.storyboard in Resources */,
				7802FA911EE6F97A00647B9A /* Assets.xcassets in Resources */,
				7802FA8F1EE6F97A00647B9A /* Main.storyboard in Resources */,
			);
			runOnlyForDeploymentPostprocessing = 0;
		};
		7802FA981EE6F97B00647B9A /* Resources */ = {
			isa = PBXResourcesBuildPhase;
			buildActionMask = 2147483647;
			files = (
			);
			runOnlyForDeploymentPostprocessing = 0;
		};
		7802FAA31EE6F97B00647B9A /* Resources */ = {
			isa = PBXResourcesBuildPhase;
			buildActionMask = 2147483647;
			files = (
			);
			runOnlyForDeploymentPostprocessing = 0;
		};
/* End PBXResourcesBuildPhase section */

/* Begin PBXSourcesBuildPhase section */
		7802FA821EE6F97A00647B9A /* Sources */ = {
			isa = PBXSourcesBuildPhase;
			buildActionMask = 2147483647;
			files = (
				7802FA8C1EE6F97A00647B9A /* ViewController.swift in Sources */,
				7802FA8A1EE6F97A00647B9A /* AppDelegate.swift in Sources */,
			);
			runOnlyForDeploymentPostprocessing = 0;
		};
		7802FA961EE6F97B00647B9A /* Sources */ = {
			isa = PBXSourcesBuildPhase;
			buildActionMask = 2147483647;
			files = (
				7802FA9F1EE6F97B00647B9A /* AppEventCountTests.swift in Sources */,
			);
			runOnlyForDeploymentPostprocessing = 0;
		};
		7802FAA11EE6F97B00647B9A /* Sources */ = {
			isa = PBXSourcesBuildPhase;
			buildActionMask = 2147483647;
			files = (
				7802FAAA1EE6F97B00647B9A /* AppEventCountUITests.swift in Sources */,
			);
			runOnlyForDeploymentPostprocessing = 0;
		};
/* End PBXSourcesBuildPhase section */

/* Begin PBXTargetDependency section */
		7802FA9C1EE6F97B00647B9A /* PBXTargetDependency */ = {
			isa = PBXTargetDependency;
			target = 7802FA851EE6F97A00647B9A /* AppEventCount */;
			targetProxy = 7802FA9B1EE6F97B00647B9A /* PBXContainerItemProxy */;
		};
		7802FAA71EE6F97B00647B9A /* PBXTargetDependency */ = {
			isa = PBXTargetDependency;
			target = 7802FA851EE6F97A00647B9A /* AppEventCount */;
			targetProxy = 7802FAA61EE6F97B00647B9A /* PBXContainerItemProxy */;
		};
/* End PBXTargetDependency section */

/* Begin PBXVariantGroup section */
		7802FA8D1EE6F97A00647B9A /* Main.storyboard */ = {
			isa = PBXVariantGroup;
			children = (
				7802FA8E1EE6F97A00647B9A /* Base */,
			);
			name = Main.storyboard;
			sourceTree = "<group>";
		};
		7802FA921EE6F97A00647B9A /* LaunchScreen.storyboard */ = {
			isa = PBXVariantGroup;
			children = (
				7802FA931EE6F97A00647B9A /* Base */,
			);
			name = LaunchScreen.storyboard;
			sourceTree = "<group>";
		};
/* End PBXVariantGroup section */

/* Begin XCBuildConfiguration section */
		7802FAAC1EE6F97B00647B9A /* Debug */ = {
			isa = XCBuildConfiguration;
			buildSettings = {
				ALWAYS_SEARCH_USER_PATHS = NO;
				CLANG_ANALYZER_NONNULL = YES;
				CLANG_CXX_LANGUAGE_STANDARD = "gnu++0x";
				CLANG_CXX_LIBRARY = "libc++";
				CLANG_ENABLE_MODULES = YES;
				CLANG_ENABLE_OBJC_ARC = YES;
				CLANG_WARN_BOOL_CONVERSION = YES;
				CLANG_WARN_CONSTANT_CONVERSION = YES;
				CLANG_WARN_DIRECT_OBJC_ISA_USAGE = YES_ERROR;
				CLANG_WARN_DOCUMENTATION_COMMENTS = YES;
				CLANG_WARN_EMPTY_BODY = YES;
				CLANG_WARN_ENUM_CONVERSION = YES;
				CLANG_WARN_INFINITE_RECURSION = YES;
				CLANG_WARN_INT_CONVERSION = YES;
				CLANG_WARN_OBJC_ROOT_CLASS = YES_ERROR;
				CLANG_WARN_SUSPICIOUS_MOVES = YES;
				CLANG_WARN_UNREACHABLE_CODE = YES;
				CLANG_WARN__DUPLICATE_METHOD_MATCH = YES;
				"CODE_SIGN_IDENTITY[sdk=iphoneos*]" = "iPhone Developer";
				COPY_PHASE_STRIP = NO;
				DEBUG_INFORMATION_FORMAT = dwarf;
				ENABLE_STRICT_OBJC_MSGSEND = YES;
				ENABLE_TESTABILITY = YES;
				GCC_C_LANGUAGE_STANDARD = gnu99;
				GCC_DYNAMIC_NO_PIC = NO;
				GCC_NO_COMMON_BLOCKS = YES;
				GCC_OPTIMIZATION_LEVEL = 0;
				GCC_PREPROCESSOR_DEFINITIONS = (
					"DEBUG=1",
					"$(inherited)",
				);
				GCC_WARN_64_TO_32_BIT_CONVERSION = YES;
				GCC_WARN_ABOUT_RETURN_TYPE = YES_ERROR;
				GCC_WARN_UNDECLARED_SELECTOR = YES;
				GCC_WARN_UNINITIALIZED_AUTOS = YES_AGGRESSIVE;
				GCC_WARN_UNUSED_FUNCTION = YES;
				GCC_WARN_UNUSED_VARIABLE = YES;
				IPHONEOS_DEPLOYMENT_TARGET = 10.1;
				MTL_ENABLE_DEBUG_INFO = YES;
				ONLY_ACTIVE_ARCH = YES;
				SDKROOT = iphoneos;
				SWIFT_ACTIVE_COMPILATION_CONDITIONS = DEBUG;
				SWIFT_OPTIMIZATION_LEVEL = "-Onone";
				TARGETED_DEVICE_FAMILY = "1,2";
			};
			name = Debug;
		};
		7802FAAD1EE6F97B00647B9A /* Release */ = {
			isa = XCBuildConfiguration;
			buildSettings = {
				ALWAYS_SEARCH_USER_PATHS = NO;
				CLANG_ANALYZER_NONNULL = YES;
				CLANG_CXX_LANGUAGE_STANDARD = "gnu++0x";
				CLANG_CXX_LIBRARY = "libc++";
				CLANG_ENABLE_MODULES = YES;
				CLANG_ENABLE_OBJC_ARC = YES;
				CLANG_WARN_BOOL_CONVERSION = YES;
				CLANG_WARN_CONSTANT_CONVERSION = YES;
				CLANG_WARN_DIRECT_OBJC_ISA_USAGE = YES_ERROR;
				CLANG_WARN_DOCUMENTATION_COMMENTS = YES;
				CLANG_WARN_EMPTY_BODY = YES;
				CLANG_WARN_ENUM_CONVERSION = YES;
				CLANG_WARN_INFINITE_RECURSION = YES;
				CLANG_WARN_INT_CONVERSION = YES;
				CLANG_WARN_OBJC_ROOT_CLASS = YES_ERROR;
				CLANG_WARN_SUSPICIOUS_MOVES = YES;
				CLANG_WARN_UNREACHABLE_CODE = YES;
				CLANG_WARN__DUPLICATE_METHOD_MATCH = YES;
				"CODE_SIGN_IDENTITY[sdk=iphoneos*]" = "iPhone Developer";
				COPY_PHASE_STRIP = NO;
				DEBUG_INFORMATION_FORMAT = "dwarf-with-dsym";
				ENABLE_NS_ASSERTIONS = NO;
				ENABLE_STRICT_OBJC_MSGSEND = YES;
				GCC_C_LANGUAGE_STANDARD = gnu99;
				GCC_NO_COMMON_BLOCKS = YES;
				GCC_WARN_64_TO_32_BIT_CONVERSION = YES;
				GCC_WARN_ABOUT_RETURN_TYPE = YES_ERROR;
				GCC_WARN_UNDECLARED_SELECTOR = YES;
				GCC_WARN_UNINITIALIZED_AUTOS = YES_AGGRESSIVE;
				GCC_WARN_UNUSED_FUNCTION = YES;
				GCC_WARN_UNUSED_VARIABLE = YES;
				IPHONEOS_DEPLOYMENT_TARGET = 10.1;
				MTL_ENABLE_DEBUG_INFO = NO;
				SDKROOT = iphoneos;
				SWIFT_OPTIMIZATION_LEVEL = "-Owholemodule";
				TARGETED_DEVICE_FAMILY = "1,2";
				VALIDATE_PRODUCT = YES;
			};
			name = Release;
		};
		7802FAAF1EE6F97B00647B9A /* Debug */ = {
			isa = XCBuildConfiguration;
			buildSettings = {
				ASSETCATALOG_COMPILER_APPICON_NAME = AppIcon;
				INFOPLIST_FILE = AppEventCount/Info.plist;
				LD_RUNPATH_SEARCH_PATHS = "$(inherited) @executable_path/Frameworks";
				PRODUCT_BUNDLE_IDENTIFIER = AlexOlivares.AppEventCount;
				PRODUCT_NAME = "$(TARGET_NAME)";
				SWIFT_VERSION = 3.0;
			};
			name = Debug;
		};
		7802FAB01EE6F97B00647B9A /* Release */ = {
			isa = XCBuildConfiguration;
			buildSettings = {
				ASSETCATALOG_COMPILER_APPICON_NAME = AppIcon;
				INFOPLIST_FILE = AppEventCount/Info.plist;
				LD_RUNPATH_SEARCH_PATHS = "$(inherited) @executable_path/Frameworks";
				PRODUCT_BUNDLE_IDENTIFIER = AlexOlivares.AppEventCount;
				PRODUCT_NAME = "$(TARGET_NAME)";
				SWIFT_VERSION = 3.0;
			};
			name = Release;
		};
		7802FAB21EE6F97B00647B9A /* Debug */ = {
			isa = XCBuildConfiguration;
			buildSettings = {
				ALWAYS_EMBED_SWIFT_STANDARD_LIBRARIES = YES;
				BUNDLE_LOADER = "$(TEST_HOST)";
				INFOPLIST_FILE = AppEventCountTests/Info.plist;
				LD_RUNPATH_SEARCH_PATHS = "$(inherited) @executable_path/Frameworks @loader_path/Frameworks";
				PRODUCT_BUNDLE_IDENTIFIER = AlexOlivares.AppEventCountTests;
				PRODUCT_NAME = "$(TARGET_NAME)";
				SWIFT_VERSION = 3.0;
				TEST_HOST = "$(BUILT_PRODUCTS_DIR)/AppEventCount.app/AppEventCount";
			};
			name = Debug;
		};
		7802FAB31EE6F97B00647B9A /* Release */ = {
			isa = XCBuildConfiguration;
			buildSettings = {
				ALWAYS_EMBED_SWIFT_STANDARD_LIBRARIES = YES;
				BUNDLE_LOADER = "$(TEST_HOST)";
				INFOPLIST_FILE = AppEventCountTests/Info.plist;
				LD_RUNPATH_SEARCH_PATHS = "$(inherited) @executable_path/Frameworks @loader_path/Frameworks";
				PRODUCT_BUNDLE_IDENTIFIER = AlexOlivares.AppEventCountTests;
				PRODUCT_NAME = "$(TARGET_NAME)";
				SWIFT_VERSION = 3.0;
				TEST_HOST = "$(BUILT_PRODUCTS_DIR)/AppEventCount.app/AppEventCount";
			};
			name = Release;
		};
		7802FAB51EE6F97B00647B9A /* Debug */ = {
			isa = XCBuildConfiguration;
			buildSettings = {
				ALWAYS_EMBED_SWIFT_STANDARD_LIBRARIES = YES;
				INFOPLIST_FILE = AppEventCountUITests/Info.plist;
				LD_RUNPATH_SEARCH_PATHS = "$(inherited) @executable_path/Frameworks @loader_path/Frameworks";
				PRODUCT_BUNDLE_IDENTIFIER = AlexOlivares.AppEventCountUITests;
				PRODUCT_NAME = "$(TARGET_NAME)";
				SWIFT_VERSION = 3.0;
				TEST_TARGET_NAME = AppEventCount;
			};
			name = Debug;
		};
		7802FAB61EE6F97B00647B9A /* Release */ = {
			isa = XCBuildConfiguration;
			buildSettings = {
				ALWAYS_EMBED_SWIFT_STANDARD_LIBRARIES = YES;
				INFOPLIST_FILE = AppEventCountUITests/Info.plist;
				LD_RUNPATH_SEARCH_PATHS = "$(inherited) @executable_path/Frameworks @loader_path/Frameworks";
				PRODUCT_BUNDLE_IDENTIFIER = AlexOlivares.AppEventCountUITests;
				PRODUCT_NAME = "$(TARGET_NAME)";
				SWIFT_VERSION = 3.0;
				TEST_TARGET_NAME = AppEventCount;
			};
			name = Release;
		};
/* End XCBuildConfiguration section */

/* Begin XCConfigurationList section */
		7802FA811EE6F97A00647B9A /* Build configuration list for PBXProject "AppEventCount" */ = {
			isa = XCConfigurationList;
			buildConfigurations = (
				7802FAAC1EE6F97B00647B9A /* Debug */,
				7802FAAD1EE6F97B00647B9A /* Release */,
			);
			defaultConfigurationIsVisible = 0;
			defaultConfigurationName = Release;
		};
		7802FAAE1EE6F97B00647B9A /* Build configuration list for PBXNativeTarget "AppEventCount" */ = {
			isa = XCConfigurationList;
			buildConfigurations = (
				7802FAAF1EE6F97B00647B9A /* Debug */,
				7802FAB01EE6F97B00647B9A /* Release */,
			);
			defaultConfigurationIsVisible = 0;
		};
		7802FAB11EE6F97B00647B9A /* Build configuration list for PBXNativeTarget "AppEventCountTests" */ = {
			isa = XCConfigurationList;
			buildConfigurations = (
				7802FAB21EE6F97B00647B9A /* Debug */,
				7802FAB31EE6F97B00647B9A /* Release */,
			);
			defaultConfigurationIsVisible = 0;
		};
		7802FAB41EE6F97B00647B9A /* Build configuration list for PBXNativeTarget "AppEventCountUITests" */ = {
			isa = XCConfigurationList;
			buildConfigurations = (
				7802FAB51EE6F97B00647B9A /* Debug */,
				7802FAB61EE6F97B00647B9A /* Release */,
			);
			defaultConfigurationIsVisible = 0;
		};
/* End XCConfigurationList section */
	};
	rootObject = 7802FA7E1EE6F97A00647B9A /* Project object */;
}
