// !$*UTF8*$!
{
	archiveVersion = 1;
	classes = {
	};
	objectVersion = 46;
	objects = {

/* Begin PBXBuildFile section */
		78B7AF2B1EDF174D000EFA2C /* AppDelegate.swift in Sources */ = {isa = PBXBuildFile; fileRef = 78B7AF2A1EDF174D000EFA2C /* AppDelegate.swift */; };
		78B7AF2D1EDF174D000EFA2C /* ViewController.swift in Sources */ = {isa = PBXBuildFile; fileRef = 78B7AF2C1EDF174D000EFA2C /* ViewController.swift */; };
		78B7AF301EDF174D000EFA2C /* Main.storyboard in Resources */ = {isa = PBXBuildFile; fileRef = 78B7AF2E1EDF174D000EFA2C /* Main.storyboard */; };
		78B7AF321EDF174D000EFA2C /* Assets.xcassets in Resources */ = {isa = PBXBuildFile; fileRef = 78B7AF311EDF174D000EFA2C /* Assets.xcassets */; };
		78B7AF351EDF174D000EFA2C /* LaunchScreen.storyboard in Resources */ = {isa = PBXBuildFile; fileRef = 78B7AF331EDF174D000EFA2C /* LaunchScreen.storyboard */; };
		78B7AF401EDF174E000EFA2C /* Light_AOTests.swift in Sources */ = {isa = PBXBuildFile; fileRef = 78B7AF3F1EDF174E000EFA2C /* Light_AOTests.swift */; };
		78B7AF4B1EDF174E000EFA2C /* Light_AOUITests.swift in Sources */ = {isa = PBXBuildFile; fileRef = 78B7AF4A1EDF174E000EFA2C /* Light_AOUITests.swift */; };
/* End PBXBuildFile section */

/* Begin PBXContainerItemProxy section */
		78B7AF3C1EDF174E000EFA2C /* PBXContainerItemProxy */ = {
			isa = PBXContainerItemProxy;
			containerPortal = 78B7AF1F1EDF174D000EFA2C /* Project object */;
			proxyType = 1;
			remoteGlobalIDString = 78B7AF261EDF174D000EFA2C;
			remoteInfo = Light_AO;
		};
		78B7AF471EDF174E000EFA2C /* PBXContainerItemProxy */ = {
			isa = PBXContainerItemProxy;
			containerPortal = 78B7AF1F1EDF174D000EFA2C /* Project object */;
			proxyType = 1;
			remoteGlobalIDString = 78B7AF261EDF174D000EFA2C;
			remoteInfo = Light_AO;
		};
/* End PBXContainerItemProxy section */

/* Begin PBXFileReference section */
		78B7AF271EDF174D000EFA2C /* Light_AO.app */ = {isa = PBXFileReference; explicitFileType = wrapper.application; includeInIndex = 0; path = Light_AO.app; sourceTree = BUILT_PRODUCTS_DIR; };
		78B7AF2A1EDF174D000EFA2C /* AppDelegate.swift */ = {isa = PBXFileReference; lastKnownFileType = sourcecode.swift; path = AppDelegate.swift; sourceTree = "<group>"; };
		78B7AF2C1EDF174D000EFA2C /* ViewController.swift */ = {isa = PBXFileReference; lastKnownFileType = sourcecode.swift; path = ViewController.swift; sourceTree = "<group>"; };
		78B7AF2F1EDF174D000EFA2C /* Base */ = {isa = PBXFileReference; lastKnownFileType = file.storyboard; name = Base; path = Base.lproj/Main.storyboard; sourceTree = "<group>"; };
		78B7AF311EDF174D000EFA2C /* Assets.xcassets */ = {isa = PBXFileReference; lastKnownFileType = folder.assetcatalog; path = Assets.xcassets; sourceTree = "<group>"; };
		78B7AF341EDF174D000EFA2C /* Base */ = {isa = PBXFileReference; lastKnownFileType = file.storyboard; name = Base; path = Base.lproj/LaunchScreen.storyboard; sourceTree = "<group>"; };
		78B7AF361EDF174E000EFA2C /* Info.plist */ = {isa = PBXFileReference; lastKnownFileType = text.plist.xml; path = Info.plist; sourceTree = "<group>"; };
		78B7AF3B1EDF174E000EFA2C /* Light_AOTests.xctest */ = {isa = PBXFileReference; explicitFileType = wrapper.cfbundle; includeInIndex = 0; path = Light_AOTests.xctest; sourceTree = BUILT_PRODUCTS_DIR; };
		78B7AF3F1EDF174E000EFA2C /* Light_AOTests.swift */ = {isa = PBXFileReference; lastKnownFileType = sourcecode.swift; path = Light_AOTests.swift; sourceTree = "<group>"; };
		78B7AF411EDF174E000EFA2C /* Info.plist */ = {isa = PBXFileReference; lastKnownFileType = text.plist.xml; path = Info.plist; sourceTree = "<group>"; };
		78B7AF461EDF174E000EFA2C /* Light_AOUITests.xctest */ = {isa = PBXFileReference; explicitFileType = wrapper.cfbundle; includeInIndex = 0; path = Light_AOUITests.xctest; sourceTree = BUILT_PRODUCTS_DIR; };
		78B7AF4A1EDF174E000EFA2C /* Light_AOUITests.swift */ = {isa = PBXFileReference; lastKnownFileType = sourcecode.swift; path = Light_AOUITests.swift; sourceTree = "<group>"; };
		78B7AF4C1EDF174E000EFA2C /* Info.plist */ = {isa = PBXFileReference; lastKnownFileType = text.plist.xml; path = Info.plist; sourceTree = "<group>"; };
/* End PBXFileReference section */

/* Begin PBXFrameworksBuildPhase section */
		78B7AF241EDF174D000EFA2C /* Frameworks */ = {
			isa = PBXFrameworksBuildPhase;
			buildActionMask = 2147483647;
			files = (
			);
			runOnlyForDeploymentPostprocessing = 0;
		};
		78B7AF381EDF174E000EFA2C /* Frameworks */ = {
			isa = PBXFrameworksBuildPhase;
			buildActionMask = 2147483647;
			files = (
			);
			runOnlyForDeploymentPostprocessing = 0;
		};
		78B7AF431EDF174E000EFA2C /* Frameworks */ = {
			isa = PBXFrameworksBuildPhase;
			buildActionMask = 2147483647;
			files = (
			);
			runOnlyForDeploymentPostprocessing = 0;
		};
/* End PBXFrameworksBuildPhase section */

/* Begin PBXGroup section */
		78B7AF1E1EDF174D000EFA2C = {
			isa = PBXGroup;
			children = (
				78B7AF291EDF174D000EFA2C /* Light_AO */,
				78B7AF3E1EDF174E000EFA2C /* Light_AOTests */,
				78B7AF491EDF174E000EFA2C /* Light_AOUITests */,
				78B7AF281EDF174D000EFA2C /* Products */,
			);
			sourceTree = "<group>";
		};
		78B7AF281EDF174D000EFA2C /* Products */ = {
			isa = PBXGroup;
			children = (
				78B7AF271EDF174D000EFA2C /* Light_AO.app */,
				78B7AF3B1EDF174E000EFA2C /* Light_AOTests.xctest */,
				78B7AF461EDF174E000EFA2C /* Light_AOUITests.xctest */,
			);
			name = Products;
			sourceTree = "<group>";
		};
		78B7AF291EDF174D000EFA2C /* Light_AO */ = {
			isa = PBXGroup;
			children = (
				78B7AF2A1EDF174D000EFA2C /* AppDelegate.swift */,
				78B7AF2C1EDF174D000EFA2C /* ViewController.swift */,
				78B7AF2E1EDF174D000EFA2C /* Main.storyboard */,
				78B7AF311EDF174D000EFA2C /* Assets.xcassets */,
				78B7AF331EDF174D000EFA2C /* LaunchScreen.storyboard */,
				78B7AF361EDF174E000EFA2C /* Info.plist */,
			);
			path = Light_AO;
			sourceTree = "<group>";
		};
		78B7AF3E1EDF174E000EFA2C /* Light_AOTests */ = {
			isa = PBXGroup;
			children = (
				78B7AF3F1EDF174E000EFA2C /* Light_AOTests.swift */,
				78B7AF411EDF174E000EFA2C /* Info.plist */,
			);
			path = Light_AOTests;
			sourceTree = "<group>";
		};
		78B7AF491EDF174E000EFA2C /* Light_AOUITests */ = {
			isa = PBXGroup;
			children = (
				78B7AF4A1EDF174E000EFA2C /* Light_AOUITests.swift */,
				78B7AF4C1EDF174E000EFA2C /* Info.plist */,
			);
			path = Light_AOUITests;
			sourceTree = "<group>";
		};
/* End PBXGroup section */

/* Begin PBXNativeTarget section */
		78B7AF261EDF174D000EFA2C /* Light_AO */ = {
			isa = PBXNativeTarget;
			buildConfigurationList = 78B7AF4F1EDF174E000EFA2C /* Build configuration list for PBXNativeTarget "Light_AO" */;
			buildPhases = (
				78B7AF231EDF174D000EFA2C /* Sources */,
				78B7AF241EDF174D000EFA2C /* Frameworks */,
				78B7AF251EDF174D000EFA2C /* Resources */,
			);
			buildRules = (
			);
			dependencies = (
			);
			name = Light_AO;
			productName = Light_AO;
			productReference = 78B7AF271EDF174D000EFA2C /* Light_AO.app */;
			productType = "com.apple.product-type.application";
		};
		78B7AF3A1EDF174E000EFA2C /* Light_AOTests */ = {
			isa = PBXNativeTarget;
			buildConfigurationList = 78B7AF521EDF174E000EFA2C /* Build configuration list for PBXNativeTarget "Light_AOTests" */;
			buildPhases = (
				78B7AF371EDF174E000EFA2C /* Sources */,
				78B7AF381EDF174E000EFA2C /* Frameworks */,
				78B7AF391EDF174E000EFA2C /* Resources */,
			);
			buildRules = (
			);
			dependencies = (
				78B7AF3D1EDF174E000EFA2C /* PBXTargetDependency */,
			);
			name = Light_AOTests;
			productName = Light_AOTests;
			productReference = 78B7AF3B1EDF174E000EFA2C /* Light_AOTests.xctest */;
			productType = "com.apple.product-type.bundle.unit-test";
		};
		78B7AF451EDF174E000EFA2C /* Light_AOUITests */ = {
			isa = PBXNativeTarget;
			buildConfigurationList = 78B7AF551EDF174E000EFA2C /* Build configuration list for PBXNativeTarget "Light_AOUITests" */;
			buildPhases = (
				78B7AF421EDF174E000EFA2C /* Sources */,
				78B7AF431EDF174E000EFA2C /* Frameworks */,
				78B7AF441EDF174E000EFA2C /* Resources */,
			);
			buildRules = (
			);
			dependencies = (
				78B7AF481EDF174E000EFA2C /* PBXTargetDependency */,
			);
			name = Light_AOUITests;
			productName = Light_AOUITests;
			productReference = 78B7AF461EDF174E000EFA2C /* Light_AOUITests.xctest */;
			productType = "com.apple.product-type.bundle.ui-testing";
		};
/* End PBXNativeTarget section */

/* Begin PBXProject section */
		78B7AF1F1EDF174D000EFA2C /* Project object */ = {
			isa = PBXProject;
			attributes = {
				LastSwiftUpdateCheck = 0810;
				LastUpgradeCheck = 0810;
				ORGANIZATIONNAME = AlexOlivares;
				TargetAttributes = {
					78B7AF261EDF174D000EFA2C = {
						CreatedOnToolsVersion = 8.1;
						ProvisioningStyle = Automatic;
					};
					78B7AF3A1EDF174E000EFA2C = {
						CreatedOnToolsVersion = 8.1;
						ProvisioningStyle = Automatic;
						TestTargetID = 78B7AF261EDF174D000EFA2C;
					};
					78B7AF451EDF174E000EFA2C = {
						CreatedOnToolsVersion = 8.1;
						ProvisioningStyle = Automatic;
						TestTargetID = 78B7AF261EDF174D000EFA2C;
					};
				};
			};
			buildConfigurationList = 78B7AF221EDF174D000EFA2C /* Build configuration list for PBXProject "Light_AO" */;
			compatibilityVersion = "Xcode 3.2";
			developmentRegion = English;
			hasScannedForEncodings = 0;
			knownRegions = (
				en,
				Base,
			);
			mainGroup = 78B7AF1E1EDF174D000EFA2C;
			productRefGroup = 78B7AF281EDF174D000EFA2C /* Products */;
			projectDirPath = "";
			projectRoot = "";
			targets = (
				78B7AF261EDF174D000EFA2C /* Light_AO */,
				78B7AF3A1EDF174E000EFA2C /* Light_AOTests */,
				78B7AF451EDF174E000EFA2C /* Light_AOUITests */,
			);
		};
/* End PBXProject section */

/* Begin PBXResourcesBuildPhase section */
		78B7AF251EDF174D000EFA2C /* Resources */ = {
			isa = PBXResourcesBuildPhase;
			buildActionMask = 2147483647;
			files = (
				78B7AF351EDF174D000EFA2C /* LaunchScreen.storyboard in Resources */,
				78B7AF321EDF174D000EFA2C /* Assets.xcassets in Resources */,
				78B7AF301EDF174D000EFA2C /* Main.storyboard in Resources */,
			);
			runOnlyForDeploymentPostprocessing = 0;
		};
		78B7AF391EDF174E000EFA2C /* Resources */ = {
			isa = PBXResourcesBuildPhase;
			buildActionMask = 2147483647;
			files = (
			);
			runOnlyForDeploymentPostprocessing = 0;
		};
		78B7AF441EDF174E000EFA2C /* Resources */ = {
			isa = PBXResourcesBuildPhase;
			buildActionMask = 2147483647;
			files = (
			);
			runOnlyForDeploymentPostprocessing = 0;
		};
/* End PBXResourcesBuildPhase section */

/* Begin PBXSourcesBuildPhase section */
		78B7AF231EDF174D000EFA2C /* Sources */ = {
			isa = PBXSourcesBuildPhase;
			buildActionMask = 2147483647;
			files = (
				78B7AF2D1EDF174D000EFA2C /* ViewController.swift in Sources */,
				78B7AF2B1EDF174D000EFA2C /* AppDelegate.swift in Sources */,
			);
			runOnlyForDeploymentPostprocessing = 0;
		};
		78B7AF371EDF174E000EFA2C /* Sources */ = {
			isa = PBXSourcesBuildPhase;
			buildActionMask = 2147483647;
			files = (
				78B7AF401EDF174E000EFA2C /* Light_AOTests.swift in Sources */,
			);
			runOnlyForDeploymentPostprocessing = 0;
		};
		78B7AF421EDF174E000EFA2C /* Sources */ = {
			isa = PBXSourcesBuildPhase;
			buildActionMask = 2147483647;
			files = (
				78B7AF4B1EDF174E000EFA2C /* Light_AOUITests.swift in Sources */,
			);
			runOnlyForDeploymentPostprocessing = 0;
		};
/* End PBXSourcesBuildPhase section */

/* Begin PBXTargetDependency section */
		78B7AF3D1EDF174E000EFA2C /* PBXTargetDependency */ = {
			isa = PBXTargetDependency;
			target = 78B7AF261EDF174D000EFA2C /* Light_AO */;
			targetProxy = 78B7AF3C1EDF174E000EFA2C /* PBXContainerItemProxy */;
		};
		78B7AF481EDF174E000EFA2C /* PBXTargetDependency */ = {
			isa = PBXTargetDependency;
			target = 78B7AF261EDF174D000EFA2C /* Light_AO */;
			targetProxy = 78B7AF471EDF174E000EFA2C /* PBXContainerItemProxy */;
		};
/* End PBXTargetDependency section */

/* Begin PBXVariantGroup section */
		78B7AF2E1EDF174D000EFA2C /* Main.storyboard */ = {
			isa = PBXVariantGroup;
			children = (
				78B7AF2F1EDF174D000EFA2C /* Base */,
			);
			name = Main.storyboard;
			sourceTree = "<group>";
		};
		78B7AF331EDF174D000EFA2C /* LaunchScreen.storyboard */ = {
			isa = PBXVariantGroup;
			children = (
				78B7AF341EDF174D000EFA2C /* Base */,
			);
			name = LaunchScreen.storyboard;
			sourceTree = "<group>";
		};
/* End PBXVariantGroup section */

/* Begin XCBuildConfiguration section */
		78B7AF4D1EDF174E000EFA2C /* Debug */ = {
			isa = XCBuildConfiguration;
			buildSettings = {
				ALWAYS_SEARCH_USER_PATHS = NO;
				CLANG_ANALYZER_NONNULL = YES;
				CLANG_CXX_LANGUAGE_STANDARD = "gnu++0x";
				CLANG_CXX_LIBRARY = "libc++";
				CLANG_ENABLE_MODULES = YES;
				CLANG_ENABLE_OBJC_ARC = YES;
				CLANG_WARN_BOOL_CONVERSION = YES;
				CLANG_WARN_CONSTANT_CONVERSION = YES;
				CLANG_WARN_DIRECT_OBJC_ISA_USAGE = YES_ERROR;
				CLANG_WARN_DOCUMENTATION_COMMENTS = YES;
				CLANG_WARN_EMPTY_BODY = YES;
				CLANG_WARN_ENUM_CONVERSION = YES;
				CLANG_WARN_INFINITE_RECURSION = YES;
				CLANG_WARN_INT_CONVERSION = YES;
				CLANG_WARN_OBJC_ROOT_CLASS = YES_ERROR;
				CLANG_WARN_SUSPICIOUS_MOVES = YES;
				CLANG_WARN_UNREACHABLE_CODE = YES;
				CLANG_WARN__DUPLICATE_METHOD_MATCH = YES;
				"CODE_SIGN_IDENTITY[sdk=iphoneos*]" = "iPhone Developer";
				COPY_PHASE_STRIP = NO;
				DEBUG_INFORMATION_FORMAT = dwarf;
				ENABLE_STRICT_OBJC_MSGSEND = YES;
				ENABLE_TESTABILITY = YES;
				GCC_C_LANGUAGE_STANDARD = gnu99;
				GCC_DYNAMIC_NO_PIC = NO;
				GCC_NO_COMMON_BLOCKS = YES;
				GCC_OPTIMIZATION_LEVEL = 0;
				GCC_PREPROCESSOR_DEFINITIONS = (
					"DEBUG=1",
					"$(inherited)",
				);
				GCC_WARN_64_TO_32_BIT_CONVERSION = YES;
				GCC_WARN_ABOUT_RETURN_TYPE = YES_ERROR;
				GCC_WARN_UNDECLARED_SELECTOR = YES;
				GCC_WARN_UNINITIALIZED_AUTOS = YES_AGGRESSIVE;
				GCC_WARN_UNUSED_FUNCTION = YES;
				GCC_WARN_UNUSED_VARIABLE = YES;
				IPHONEOS_DEPLOYMENT_TARGET = 10.1;
				MTL_ENABLE_DEBUG_INFO = YES;
				ONLY_ACTIVE_ARCH = YES;
				SDKROOT = iphoneos;
				SWIFT_ACTIVE_COMPILATION_CONDITIONS = DEBUG;
				SWIFT_OPTIMIZATION_LEVEL = "-Onone";
				TARGETED_DEVICE_FAMILY = "1,2";
			};
			name = Debug;
		};
		78B7AF4E1EDF174E000EFA2C /* Release */ = {
			isa = XCBuildConfiguration;
			buildSettings = {
				ALWAYS_SEARCH_USER_PATHS = NO;
				CLANG_ANALYZER_NONNULL = YES;
				CLANG_CXX_LANGUAGE_STANDARD = "gnu++0x";
				CLANG_CXX_LIBRARY = "libc++";
				CLANG_ENABLE_MODULES = YES;
				CLANG_ENABLE_OBJC_ARC = YES;
				CLANG_WARN_BOOL_CONVERSION = YES;
				CLANG_WARN_CONSTANT_CONVERSION = YES;
				CLANG_WARN_DIRECT_OBJC_ISA_USAGE = YES_ERROR;
				CLANG_WARN_DOCUMENTATION_COMMENTS = YES;
				CLANG_WARN_EMPTY_BODY = YES;
				CLANG_WARN_ENUM_CONVERSION = YES;
				CLANG_WARN_INFINITE_RECURSION = YES;
				CLANG_WARN_INT_CONVERSION = YES;
				CLANG_WARN_OBJC_ROOT_CLASS = YES_ERROR;
				CLANG_WARN_SUSPICIOUS_MOVES = YES;
				CLANG_WARN_UNREACHABLE_CODE = YES;
				CLANG_WARN__DUPLICATE_METHOD_MATCH = YES;
				"CODE_SIGN_IDENTITY[sdk=iphoneos*]" = "iPhone Developer";
				COPY_PHASE_STRIP = NO;
				DEBUG_INFORMATION_FORMAT = "dwarf-with-dsym";
				ENABLE_NS_ASSERTIONS = NO;
				ENABLE_STRICT_OBJC_MSGSEND = YES;
				GCC_C_LANGUAGE_STANDARD = gnu99;
				GCC_NO_COMMON_BLOCKS = YES;
				GCC_WARN_64_TO_32_BIT_CONVERSION = YES;
				GCC_WARN_ABOUT_RETURN_TYPE = YES_ERROR;
				GCC_WARN_UNDECLARED_SELECTOR = YES;
				GCC_WARN_UNINITIALIZED_AUTOS = YES_AGGRESSIVE;
				GCC_WARN_UNUSED_FUNCTION = YES;
				GCC_WARN_UNUSED_VARIABLE = YES;
				IPHONEOS_DEPLOYMENT_TARGET = 10.1;
				MTL_ENABLE_DEBUG_INFO = NO;
				SDKROOT = iphoneos;
				SWIFT_OPTIMIZATION_LEVEL = "-Owholemodule";
				TARGETED_DEVICE_FAMILY = "1,2";
				VALIDATE_PRODUCT = YES;
			};
			name = Release;
		};
		78B7AF501EDF174E000EFA2C /* Debug */ = {
			isa = XCBuildConfiguration;
			buildSettings = {
				ASSETCATALOG_COMPILER_APPICON_NAME = AppIcon;
				INFOPLIST_FILE = Light_AO/Info.plist;
				LD_RUNPATH_SEARCH_PATHS = "$(inherited) @executable_path/Frameworks";
				PRODUCT_BUNDLE_IDENTIFIER = "AlexOlivares.Light-AO";
				PRODUCT_NAME = "$(TARGET_NAME)";
				SWIFT_VERSION = 3.0;
			};
			name = Debug;
		};
		78B7AF511EDF174E000EFA2C /* Release */ = {
			isa = XCBuildConfiguration;
			buildSettings = {
				ASSETCATALOG_COMPILER_APPICON_NAME = AppIcon;
				INFOPLIST_FILE = Light_AO/Info.plist;
				LD_RUNPATH_SEARCH_PATHS = "$(inherited) @executable_path/Frameworks";
				PRODUCT_BUNDLE_IDENTIFIER = "AlexOlivares.Light-AO";
				PRODUCT_NAME = "$(TARGET_NAME)";
				SWIFT_VERSION = 3.0;
			};
			name = Release;
		};
		78B7AF531EDF174E000EFA2C /* Debug */ = {
			isa = XCBuildConfiguration;
			buildSettings = {
				ALWAYS_EMBED_SWIFT_STANDARD_LIBRARIES = YES;
				BUNDLE_LOADER = "$(TEST_HOST)";
				INFOPLIST_FILE = Light_AOTests/Info.plist;
				LD_RUNPATH_SEARCH_PATHS = "$(inherited) @executable_path/Frameworks @loader_path/Frameworks";
				PRODUCT_BUNDLE_IDENTIFIER = "AlexOlivares.Light-AOTests";
				PRODUCT_NAME = "$(TARGET_NAME)";
				SWIFT_VERSION = 3.0;
				TEST_HOST = "$(BUILT_PRODUCTS_DIR)/Light_AO.app/Light_AO";
			};
			name = Debug;
		};
		78B7AF541EDF174E000EFA2C /* Release */ = {
			isa = XCBuildConfiguration;
			buildSettings = {
				ALWAYS_EMBED_SWIFT_STANDARD_LIBRARIES = YES;
				BUNDLE_LOADER = "$(TEST_HOST)";
				INFOPLIST_FILE = Light_AOTests/Info.plist;
				LD_RUNPATH_SEARCH_PATHS = "$(inherited) @executable_path/Frameworks @loader_path/Frameworks";
				PRODUCT_BUNDLE_IDENTIFIER = "AlexOlivares.Light-AOTests";
				PRODUCT_NAME = "$(TARGET_NAME)";
				SWIFT_VERSION = 3.0;
				TEST_HOST = "$(BUILT_PRODUCTS_DIR)/Light_AO.app/Light_AO";
			};
			name = Release;
		};
		78B7AF561EDF174E000EFA2C /* Debug */ = {
			isa = XCBuildConfiguration;
			buildSettings = {
				ALWAYS_EMBED_SWIFT_STANDARD_LIBRARIES = YES;
				INFOPLIST_FILE = Light_AOUITests/Info.plist;
				LD_RUNPATH_SEARCH_PATHS = "$(inherited) @executable_path/Frameworks @loader_path/Frameworks";
				PRODUCT_BUNDLE_IDENTIFIER = "AlexOlivares.Light-AOUITests";
				PRODUCT_NAME = "$(TARGET_NAME)";
				SWIFT_VERSION = 3.0;
				TEST_TARGET_NAME = Light_AO;
			};
			name = Debug;
		};
		78B7AF571EDF174E000EFA2C /* Release */ = {
			isa = XCBuildConfiguration;
			buildSettings = {
				ALWAYS_EMBED_SWIFT_STANDARD_LIBRARIES = YES;
				INFOPLIST_FILE = Light_AOUITests/Info.plist;
				LD_RUNPATH_SEARCH_PATHS = "$(inherited) @executable_path/Frameworks @loader_path/Frameworks";
				PRODUCT_BUNDLE_IDENTIFIER = "AlexOlivares.Light-AOUITests";
				PRODUCT_NAME = "$(TARGET_NAME)";
				SWIFT_VERSION = 3.0;
				TEST_TARGET_NAME = Light_AO;
			};
			name = Release;
		};
/* End XCBuildConfiguration section */

/* Begin XCConfigurationList section */
		78B7AF221EDF174D000EFA2C /* Build configuration list for PBXProject "Light_AO" */ = {
			isa = XCConfigurationList;
			buildConfigurations = (
				78B7AF4D1EDF174E000EFA2C /* Debug */,
				78B7AF4E1EDF174E000EFA2C /* Release */,
			);
			defaultConfigurationIsVisible = 0;
			defaultConfigurationName = Release;
		};
		78B7AF4F1EDF174E000EFA2C /* Build configuration list for PBXNativeTarget "Light_AO" */ = {
			isa = XCConfigurationList;
			buildConfigurations = (
				78B7AF501EDF174E000EFA2C /* Debug */,
				78B7AF511EDF174E000EFA2C /* Release */,
			);
			defaultConfigurationIsVisible = 0;
		};
		78B7AF521EDF174E000EFA2C /* Build configuration list for PBXNativeTarget "Light_AOTests" */ = {
			isa = XCConfigurationList;
			buildConfigurations = (
				78B7AF531EDF174E000EFA2C /* Debug */,
				78B7AF541EDF174E000EFA2C /* Release */,
			);
			defaultConfigurationIsVisible = 0;
		};
		78B7AF551EDF174E000EFA2C /* Build configuration list for PBXNativeTarget "Light_AOUITests" */ = {
			isa = XCConfigurationList;
			buildConfigurations = (
				78B7AF561EDF174E000EFA2C /* Debug */,
				78B7AF571EDF174E000EFA2C /* Release */,
			);
			defaultConfigurationIsVisible = 0;
		};
/* End XCConfigurationList section */
	};
	rootObject = 78B7AF1F1EDF174D000EFA2C /* Project object */;
}
